<?xml version="1.0" encoding="utf-8"?>
<Project ToolsVersion="4.0" xmlns="http://schemas.microsoft.com/developer/msbuild/2003">
  <ItemGroup>
    <Filter Include="src">
      <UniqueIdentifier>{35ca5b8a-72cf-4a68-b39c-057703e6af52}</UniqueIdentifier>
    </Filter>
    <Filter Include="src\Snake">
      <UniqueIdentifier>{612d7d68-a0e6-4437-ac7d-565770dc6896}</UniqueIdentifier>
    </Filter>
    <Filter Include="src\Grid">
      <UniqueIdentifier>{d4301d2c-7aea-4fd5-b459-d63ffe06bdce}</UniqueIdentifier>
    </Filter>
    <Filter Include="src\Food">
      <UniqueIdentifier>{d1324af2-fbea-410c-959a-56c0ae32765c}</UniqueIdentifier>
    </Filter>
    <Filter Include="src\score">
      <UniqueIdentifier>{f8fb09ef-9a1b-4085-8ad6-19be5a5f9d2f}</UniqueIdentifier>
    </Filter>
  </ItemGroup>
  <ItemGroup>
    <ClCompile Include="src\main.c">
      <Filter>src</Filter>
    </ClCompile>
    <ClCompile Include="src\Snake\snake.c">
      <Filter>src\Snake</Filter>
    </ClCompile>
    <ClCompile Include="src\Snake\GameOver.c">
      <Filter>src\Snake</Filter>
    </ClCompile>
    <ClCompile Include="src\Grid\grid.c">
      <Filter>src\Grid</Filter>
    </ClCompile>
    <ClCompile Include="src\Food\food.c">
      <Filter>src\Food</Filter>
    </ClCompile>
    <ClCompile Include="src\Score\score.c">
      <Filter>src\score</Filter>
    </ClCompile>
    <ClCompile Include="src\Snake\MainMenu.c">
      <Filter>src\Snake</Filter>
    </ClCompile>
  </ItemGroup>
  <ItemGroup>
    <ClInclude Include="src\Snake\snake.h">
      <Filter>src\Snake</Filter>
    </ClInclude>
    <ClInclude Include="src\Snake\GameOver.h">
      <Filter>src\Snake</Filter>
    </ClInclude>
    <ClInclude Include="src\Grid\grid.h">
      <Filter>src\Grid</Filter>
    </ClInclude>
    <ClInclude Include="src\Food\food.h">
      <Filter>src\Food</Filter>
    </ClInclude>
    <ClInclude Include="src\Score\score.h">
      <Filter>src\score</Filter>
    </ClInclude>
    <ClInclude Include="src\Snake\MainMenu.h">
      <Filter>src\Snake</Filter>
    </ClInclude>
  </ItemGroup>
</Project>